
Microsoft Visual Studio Solution File, Format Version 12.00
# Visual Studio Version 16
VisualStudioVersion = 16.0.31729.503
MinimumVisualStudioVersion = 10.0.40219.1
Project("{FAE04EC0-301F-11D3-BF4B-00C04F79EFBC}") = "Queue_Example_1", "Queue_Example_1\Queue_Example_1.csproj", "{00270283-7231-4B7D-937D-1237DFCD2E86}"
EndProject
Global
	GlobalSection(SolutionConfigurationPlatforms) = preSolution
		Debug|Any CPU = Debug|Any CPU
		Release|Any CPU = Release|Any CPU
	EndGlobalSection
	GlobalSection(ProjectConfigurationPlatforms) = postSolution
		{00270283-7231-4B7D-937D-1237DFCD2E86}.Debug|Any CPU.ActiveCfg = Debug|Any CPU
		{00270283-7231-4B7D-937D-1237DFCD2E86}.Debug|Any CPU.Build.0 = Debug|Any CPU
		{00270283-7231-4B7D-937D-1237DFCD2E86}.Release|Any CPU.ActiveCfg = Release|Any CPU
		{00270283-7231-4B7D-937D-1237DFCD2E86}.Release|Any CPU.Build.0 = Release|Any CPU
	EndGlobalSection
	GlobalSection(SolutionProperties) = preSolution
		HideSolutionNode = FALSE
	EndGlobalSection
	GlobalSection(ExtensibilityGlobals) = postSolution
		SolutionGuid = {4888B6CB-0B5F-41DE-A7F8-0AE4B40F1095}
	EndGlobalSection
EndGlobal
